
Microsoft Visual Studio Solution File, Format Version 12.00
# Visual Studio Version 17
VisualStudioVersion = 17.4.33103.184
MinimumVisualStudioVersion = 10.0.40219.1
Project("{FAE04EC0-301F-11D3-BF4B-00C04F79EFBC}") = "eKarton", "eKarton\eKarton.csproj", "{78CB19BD-A132-40B8-A70C-5F45E3467B35}"
EndProject
Project("{FAE04EC0-301F-11D3-BF4B-00C04F79EFBC}") = "eKarton.Model", "eKarton.Model\eKarton.Model.csproj", "{D4A66956-C2BB-4558-9C85-30AF09D2C009}"
EndProject
Project("{FAE04EC0-301F-11D3-BF4B-00C04F79EFBC}") = "eKarton.Service", "eKarton.Service\eKarton.Service.csproj", "{7CA19677-169A-4EC7-9C86-A083FB371E26}"
EndProject
Global
	GlobalSection(SolutionConfigurationPlatforms) = preSolution
		Debug|Any CPU = Debug|Any CPU
		Release|Any CPU = Release|Any CPU
	EndGlobalSection
	GlobalSection(ProjectConfigurationPlatforms) = postSolution
		{78CB19BD-A132-40B8-A70C-5F45E3467B35}.Debug|Any CPU.ActiveCfg = Debug|Any CPU
		{78CB19BD-A132-40B8-A70C-5F45E3467B35}.Debug|Any CPU.Build.0 = Debug|Any CPU
		{78CB19BD-A132-40B8-A70C-5F45E3467B35}.Release|Any CPU.ActiveCfg = Release|Any CPU
		{78CB19BD-A132-40B8-A70C-5F45E3467B35}.Release|Any CPU.Build.0 = Release|Any CPU
		{D4A66956-C2BB-4558-9C85-30AF09D2C009}.Debug|Any CPU.ActiveCfg = Debug|Any CPU
		{D4A66956-C2BB-4558-9C85-30AF09D2C009}.Debug|Any CPU.Build.0 = Debug|Any CPU
		{D4A66956-C2BB-4558-9C85-30AF09D2C009}.Release|Any CPU.ActiveCfg = Release|Any CPU
		{D4A66956-C2BB-4558-9C85-30AF09D2C009}.Release|Any CPU.Build.0 = Release|Any CPU
		{7CA19677-169A-4EC7-9C86-A083FB371E26}.Debug|Any CPU.ActiveCfg = Debug|Any CPU
		{7CA19677-169A-4EC7-9C86-A083FB371E26}.Debug|Any CPU.Build.0 = Debug|Any CPU
		{7CA19677-169A-4EC7-9C86-A083FB371E26}.Release|Any CPU.ActiveCfg = Release|Any CPU
		{7CA19677-169A-4EC7-9C86-A083FB371E26}.Release|Any CPU.Build.0 = Release|Any CPU
	EndGlobalSection
	GlobalSection(SolutionProperties) = preSolution
		HideSolutionNode = FALSE
	EndGlobalSection
	GlobalSection(ExtensibilityGlobals) = postSolution
		SolutionGuid = {D1A61AC3-B078-49B4-AF2B-612CA6FA09BA}
	EndGlobalSection
EndGlobal
